{
  "version": 4,
  "terraform_version": "1.14.8",
  "serial": 26,
  "lineage": "17569f48-ee16-6ac8-5118-7c19f18c9fc2",
  "outputs": {},
  "resources": [
    {
      "mode": "managed",
      "type": "google_compute_global_address",
      "name": "psc_ip",
      "provider": "provider[\"registry.terraform.io/hashicorp/google\"]",
      "instances": [
        {
          "schema_version": 0,
          "attributes": {
            "address": "10.10.0.100",
            "address_type": "INTERNAL",
            "creation_timestamp": "2026-03-26T06:08:01.233-07:00",
            "description": "",
            "effective_labels": {},
            "id": "projects/jcpenny-mlops-poc/global/addresses/psc-google-apis-ip",
            "ip_version": "",
            "label_fingerprint": "42WmSpB8rSM=",
            "labels": {},
            "name": "psc-google-apis-ip",
            "network": "https://www.googleapis.com/compute/v1/projects/jcpenny-mlops-poc/global/networks/vpc-dev-nonconnected-eda",
            "prefix_length": 0,
            "project": "jcpenny-mlops-poc",
            "purpose": "PRIVATE_SERVICE_CONNECT",
            "self_link": "https://www.googleapis.com/compute/v1/projects/jcpenny-mlops-poc/global/addresses/psc-google-apis-ip",
            "terraform_labels": {},
            "timeouts": null
          },
          "sensitive_attributes": [],
          "identity_schema_version": 0,
          "private": "eyJlMmJmYjczMC1lY2FhLTExZTYtOGY4OC0zNDM2M2JjN2M0YzAiOnsiY3JlYXRlIjoxMjAwMDAwMDAwMDAwLCJkZWxldGUiOjEyMDAwMDAwMDAwMDAsInVwZGF0ZSI6MTIwMDAwMDAwMDAwMH19",
          "dependencies": [
            "google_compute_network.vpc"
          ]
        }
      ]
    },
    {
      "mode": "managed",
      "type": "google_compute_global_forwarding_rule",
      "name": "psc_endpoint",
      "provider": "provider[\"registry.terraform.io/hashicorp/google\"]",
      "instances": [
        {
          "schema_version": 0,
          "attributes": {
            "base_forwarding_rule": "",
            "description": "",
            "effective_labels": {},
            "id": "projects/jcpenny-mlops-poc/global/forwardingRules/pscendpointdeveda",
            "ip_address": "10.10.0.100",
            "ip_protocol": "TCP",
            "ip_version": "",
            "label_fingerprint": "42WmSpB8rSM=",
            "labels": null,
            "load_balancing_scheme": "",
            "metadata_filters": [],
            "name": "pscendpointdeveda",
            "network": "https://www.googleapis.com/compute/v1/projects/jcpenny-mlops-poc/global/networks/vpc-dev-nonconnected-eda",
            "no_automate_dns_zone": null,
            "port_range": "",
            "project": "jcpenny-mlops-poc",
            "psc_connection_id": "107373319280001124",
            "psc_connection_status": "",
            "self_link": "https://www.googleapis.com/compute/v1/projects/jcpenny-mlops-poc/global/forwardingRules/pscendpointdeveda",
            "service_directory_registrations": [
              {
                "namespace": "goog-psc-vpc-dev-nonconnected-1662810039266087285",
                "service_directory_region": "us-central1"
              }
            ],
            "source_ip_ranges": null,
            "subnetwork": "",
            "target": "vpc-sc",
            "terraform_labels": {},
            "timeouts": null
          },
          "sensitive_attributes": [],
          "identity_schema_version": 0,
          "private": "eyJlMmJmYjczMC1lY2FhLTExZTYtOGY4OC0zNDM2M2JjN2M0YzAiOnsiY3JlYXRlIjoxMjAwMDAwMDAwMDAwLCJkZWxldGUiOjEyMDAwMDAwMDAwMDAsInVwZGF0ZSI6MTIwMDAwMDAwMDAwMH19",
          "dependencies": [
            "google_compute_global_address.psc_ip",
            "google_compute_network.vpc"
          ]
        }
      ]
    },
    {
      "mode": "managed",
      "type": "google_compute_network",
      "name": "vpc",
      "provider": "provider[\"registry.terraform.io/hashicorp/google\"]",
      "instances": [
        {
          "schema_version": 0,
          "attributes": {
            "auto_create_subnetworks": false,
            "delete_default_routes_on_create": false,
            "description": "",
            "enable_ula_internal_ipv6": false,
            "gateway_ipv4": "",
            "id": "projects/jcpenny-mlops-poc/global/networks/vpc-dev-nonconnected-eda",
            "internal_ipv6_range": "",
            "mtu": 0,
            "name": "vpc-dev-nonconnected-eda",
            "network_firewall_policy_enforcement_order": "AFTER_CLASSIC_FIREWALL",
            "numeric_id": "1662810039266087285",
            "project": "jcpenny-mlops-poc",
            "routing_mode": "REGIONAL",
            "self_link": "https://www.googleapis.com/compute/v1/projects/jcpenny-mlops-poc/global/networks/vpc-dev-nonconnected-eda",
            "timeouts": null
          },
          "sensitive_attributes": [],
          "identity_schema_version": 0,
          "private": "eyJlMmJmYjczMC1lY2FhLTExZTYtOGY4OC0zNDM2M2JjN2M0YzAiOnsiY3JlYXRlIjoxMjAwMDAwMDAwMDAwLCJkZWxldGUiOjEyMDAwMDAwMDAwMDAsInVwZGF0ZSI6MTIwMDAwMDAwMDAwMH19"
        }
      ]
    },
    {
      "mode": "managed",
      "type": "google_compute_network_attachment",
      "name": "vertex_attachment",
      "provider": "provider[\"registry.terraform.io/hashicorp/google\"]",
      "instances": [
        {
          "schema_version": 0,
          "attributes": {
            "connection_endpoints": [],
            "connection_preference": "ACCEPT_AUTOMATIC",
            "creation_timestamp": "2026-03-27T05:44:27.521-07:00",
            "description": "",
            "fingerprint": "oRw8hi0qN7w=",
            "id": "projects/jcpenny-mlops-poc/regions/us-east1/networkAttachments/network-attach-dev-eda",
            "kind": "compute#networkAttachment",
            "name": "network-attach-dev-eda",
            "network": "https://www.googleapis.com/compute/v1/projects/jcpenny-mlops-poc/global/networks/vpc-dev-nonconnected-eda",
            "producer_accept_lists": null,
            "producer_reject_lists": null,
            "project": "jcpenny-mlops-poc",
            "region": "https://www.googleapis.com/compute/v1/projects/jcpenny-mlops-poc/regions/us-east1",
            "self_link": "https://www.googleapis.com/compute/v1/projects/jcpenny-mlops-poc/regions/us-east1/networkAttachments/network-attach-dev-eda",
            "self_link_with_id": "",
            "subnetworks": [
              "https://www.googleapis.com/compute/v1/projects/jcpenny-mlops-poc/regions/us-east1/subnetworks/subnet-psc-dev-edap-01"
            ],
            "timeouts": null
          },
          "sensitive_attributes": [],
          "identity_schema_version": 0,
          "private": "eyJlMmJmYjczMC1lY2FhLTExZTYtOGY4OC0zNDM2M2JjN2M0YzAiOnsiY3JlYXRlIjoxMjAwMDAwMDAwMDAwLCJkZWxldGUiOjEyMDAwMDAwMDAwMDB9fQ==",
          "dependencies": [
            "google_compute_subnetwork.subnet_psc_01"
          ]
        }
      ]
    },
    {
      "mode": "managed",
      "type": "google_compute_subnetwork",
      "name": "subnet_psc_01",
      "provider": "provider[\"registry.terraform.io/hashicorp/google\"]",
      "instances": [
        {
          "schema_version": 0,
          "attributes": {
            "creation_timestamp": "2026-03-26T06:08:01.099-07:00",
            "description": "",
            "external_ipv6_prefix": "",
            "fingerprint": null,
            "gateway_address": "10.3.0.1",
            "id": "projects/jcpenny-mlops-poc/regions/us-east1/subnetworks/subnet-psc-dev-edap-01",
            "internal_ipv6_prefix": "",
            "ip_cidr_range": "10.3.0.0/28",
            "ipv6_access_type": "",
            "ipv6_cidr_range": "",
            "log_config": [],
            "name": "subnet-psc-dev-edap-01",
            "network": "https://www.googleapis.com/compute/v1/projects/jcpenny-mlops-poc/global/networks/vpc-dev-nonconnected-eda",
            "private_ip_google_access": true,
            "private_ipv6_google_access": "DISABLE_GOOGLE_ACCESS",
            "project": "jcpenny-mlops-poc",
            "purpose": "PRIVATE",
            "region": "us-east1",
            "role": "",
            "secondary_ip_range": [],
            "self_link": "https://www.googleapis.com/compute/v1/projects/jcpenny-mlops-poc/regions/us-east1/subnetworks/subnet-psc-dev-edap-01",
            "send_secondary_ip_range_if_empty": null,
            "stack_type": "IPV4_ONLY",
            "timeouts": null
          },
          "sensitive_attributes": [],
          "identity_schema_version": 0,
          "private": "eyJlMmJmYjczMC1lY2FhLTExZTYtOGY4OC0zNDM2M2JjN2M0YzAiOnsiY3JlYXRlIjoxMjAwMDAwMDAwMDAwLCJkZWxldGUiOjEyMDAwMDAwMDAwMDAsInVwZGF0ZSI6MTIwMDAwMDAwMDAwMH19",
          "dependencies": [
            "google_compute_network.vpc"
          ]
        }
      ]
    },
    {
      "mode": "managed",
      "type": "google_compute_subnetwork",
      "name": "subnet_uc1_01",
      "provider": "provider[\"registry.terraform.io/hashicorp/google\"]",
      "instances": [
        {
          "schema_version": 0,
          "attributes": {
            "creation_timestamp": "2026-03-26T06:08:02.120-07:00",
            "description": "",
            "external_ipv6_prefix": "",
            "fingerprint": null,
            "gateway_address": "10.2.0.1",
            "id": "projects/jcpenny-mlops-poc/regions/us-central1/subnetworks/subnet-dev-edap-usc-01",
            "internal_ipv6_prefix": "",
            "ip_cidr_range": "10.2.0.0/23",
            "ipv6_access_type": "",
            "ipv6_cidr_range": "",
            "log_config": [],
            "name": "subnet-dev-edap-usc-01",
            "network": "https://www.googleapis.com/compute/v1/projects/jcpenny-mlops-poc/global/networks/vpc-dev-nonconnected-eda",
            "private_ip_google_access": true,
            "private_ipv6_google_access": "DISABLE_GOOGLE_ACCESS",
            "project": "jcpenny-mlops-poc",
            "purpose": "PRIVATE",
            "region": "us-central1",
            "role": "",
            "secondary_ip_range": [],
            "self_link": "https://www.googleapis.com/compute/v1/projects/jcpenny-mlops-poc/regions/us-central1/subnetworks/subnet-dev-edap-usc-01",
            "send_secondary_ip_range_if_empty": null,
            "stack_type": "IPV4_ONLY",
            "timeouts": null
          },
          "sensitive_attributes": [],
          "identity_schema_version": 0,
          "private": "eyJlMmJmYjczMC1lY2FhLTExZTYtOGY4OC0zNDM2M2JjN2M0YzAiOnsiY3JlYXRlIjoxMjAwMDAwMDAwMDAwLCJkZWxldGUiOjEyMDAwMDAwMDAwMDAsInVwZGF0ZSI6MTIwMDAwMDAwMDAwMH19",
          "dependencies": [
            "google_compute_network.vpc"
          ]
        }
      ]
    },
    {
      "mode": "managed",
      "type": "google_compute_subnetwork",
      "name": "subnet_ue1_01",
      "provider": "provider[\"registry.terraform.io/hashicorp/google\"]",
      "instances": [
        {
          "schema_version": 0,
          "attributes": {
            "creation_timestamp": "2026-03-26T06:08:01.347-07:00",
            "description": "",
            "external_ipv6_prefix": "",
            "fingerprint": null,
            "gateway_address": "10.1.0.1",
            "id": "projects/jcpenny-mlops-poc/regions/us-east1/subnetworks/subnet-dev-edap-us1-01",
            "internal_ipv6_prefix": "",
            "ip_cidr_range": "10.1.0.0/23",
            "ipv6_access_type": "",
            "ipv6_cidr_range": "",
            "log_config": [],
            "name": "subnet-dev-edap-us1-01",
            "network": "https://www.googleapis.com/compute/v1/projects/jcpenny-mlops-poc/global/networks/vpc-dev-nonconnected-eda",
            "private_ip_google_access": true,
            "private_ipv6_google_access": "DISABLE_GOOGLE_ACCESS",
            "project": "jcpenny-mlops-poc",
            "purpose": "PRIVATE",
            "region": "us-east1",
            "role": "",
            "secondary_ip_range": [],
            "self_link": "https://www.googleapis.com/compute/v1/projects/jcpenny-mlops-poc/regions/us-east1/subnetworks/subnet-dev-edap-us1-01",
            "send_secondary_ip_range_if_empty": null,
            "stack_type": "IPV4_ONLY",
            "timeouts": null
          },
          "sensitive_attributes": [],
          "identity_schema_version": 0,
          "private": "eyJlMmJmYjczMC1lY2FhLTExZTYtOGY4OC0zNDM2M2JjN2M0YzAiOnsiY3JlYXRlIjoxMjAwMDAwMDAwMDAwLCJkZWxldGUiOjEyMDAwMDAwMDAwMDAsInVwZGF0ZSI6MTIwMDAwMDAwMDAwMH19",
          "dependencies": [
            "google_compute_network.vpc"
          ]
        }
      ]
    },
    {
      "mode": "managed",
      "type": "google_dns_managed_zone",
      "name": "cloud-google-psc-wb",
      "provider": "provider[\"registry.terraform.io/hashicorp/google\"]",
      "instances": [
        {
          "schema_version": 0,
          "attributes": {
            "cloud_logging_config": [
              {
                "enable_logging": false
              }
            ],
            "creation_time": "2026-03-26T13:08:00.871Z",
            "description": "Private DNS zone for global dev psc used by Vertex AI workbench instances for cloud.google.com",
            "dns_name": "cloud.google.com.",
            "dnssec_config": [],
            "effective_labels": {},
            "force_destroy": false,
            "forwarding_config": [],
            "id": "projects/jcpenny-mlops-poc/managedZones/cloud-google-psc-wb",
            "labels": {},
            "managed_zone_id": 5727578186996372212,
            "name": "cloud-google-psc-wb",
            "name_servers": [
              "ns-gcp-private.googledomains.com."
            ],
            "peering_config": [],
            "private_visibility_config": [
              {
                "gke_clusters": [],
                "networks": [
                  {
                    "network_url": "https://www.googleapis.com/compute/v1/projects/jcpenny-mlops-poc/global/networks/vpc-dev-nonconnected-eda"
                  }
                ]
              }
            ],
            "project": "jcpenny-mlops-poc",
            "terraform_labels": {},
            "timeouts": null,
            "visibility": "private"
          },
          "sensitive_attributes": [],
          "identity_schema_version": 0,
          "private": "eyJlMmJmYjczMC1lY2FhLTExZTYtOGY4OC0zNDM2M2JjN2M0YzAiOnsiY3JlYXRlIjoxMjAwMDAwMDAwMDAwLCJkZWxldGUiOjEyMDAwMDAwMDAwMDAsInVwZGF0ZSI6MTIwMDAwMDAwMDAwMH19",
          "dependencies": [
            "google_compute_network.vpc"
          ]
        }
      ]
    },
    {
      "mode": "managed",
      "type": "google_dns_managed_zone",
      "name": "gcr-io-psc-wb",
      "provider": "provider[\"registry.terraform.io/hashicorp/google\"]",
      "instances": [
        {
          "schema_version": 0,
          "attributes": {
            "cloud_logging_config": [
              {
                "enable_logging": false
              }
            ],
            "creation_time": "2026-03-26T13:08:00.882Z",
            "description": "Private DNS zone for global dev psc used by Vertex AI workbench instances for gcr.io",
            "dns_name": "gcr.io.",
            "dnssec_config": [],
            "effective_labels": {},
            "force_destroy": false,
            "forwarding_config": [],
            "id": "projects/jcpenny-mlops-poc/managedZones/gcr-io-psc-wb",
            "labels": {},
            "managed_zone_id": 8053698768157937378,
            "name": "gcr-io-psc-wb",
            "name_servers": [
              "ns-gcp-private.googledomains.com."
            ],
            "peering_config": [],
            "private_visibility_config": [
              {
                "gke_clusters": [],
                "networks": [
                  {
                    "network_url": "https://www.googleapis.com/compute/v1/projects/jcpenny-mlops-poc/global/networks/vpc-dev-nonconnected-eda"
                  }
                ]
              }
            ],
            "project": "jcpenny-mlops-poc",
            "terraform_labels": {},
            "timeouts": null,
            "visibility": "private"
          },
          "sensitive_attributes": [],
          "identity_schema_version": 0,
          "private": "eyJlMmJmYjczMC1lY2FhLTExZTYtOGY4OC0zNDM2M2JjN2M0YzAiOnsiY3JlYXRlIjoxMjAwMDAwMDAwMDAwLCJkZWxldGUiOjEyMDAwMDAwMDAwMDAsInVwZGF0ZSI6MTIwMDAwMDAwMDAwMH19",
          "dependencies": [
            "google_compute_network.vpc"
          ]
        }
      ]
    },
    {
      "mode": "managed",
      "type": "google_dns_managed_zone",
      "name": "google-user-content-psc-wb",
      "provider": "provider[\"registry.terraform.io/hashicorp/google\"]",
      "instances": [
        {
          "schema_version": 0,
          "attributes": {
            "cloud_logging_config": [
              {
                "enable_logging": false
              }
            ],
            "creation_time": "2026-03-26T13:08:00.938Z",
            "description": "Private DNS zone for global dev psc used by Vertex AI workbench instances for googleusercontent.com.",
            "dns_name": "googleusercontent.com.",
            "dnssec_config": [],
            "effective_labels": {},
            "force_destroy": false,
            "forwarding_config": [],
            "id": "projects/jcpenny-mlops-poc/managedZones/google-user-content-psc-wb",
            "labels": {},
            "managed_zone_id": 7224664874365667054,
            "name": "google-user-content-psc-wb",
            "name_servers": [
              "ns-gcp-private.googledomains.com."
            ],
            "peering_config": [],
            "private_visibility_config": [
              {
                "gke_clusters": [],
                "networks": [
                  {
                    "network_url": "https://www.googleapis.com/compute/v1/projects/jcpenny-mlops-poc/global/networks/vpc-dev-nonconnected-eda"
                  }
                ]
              }
            ],
            "project": "jcpenny-mlops-poc",
            "terraform_labels": {},
            "timeouts": null,
            "visibility": "private"
          },
          "sensitive_attributes": [],
          "identity_schema_version": 0,
          "private": "eyJlMmJmYjczMC1lY2FhLTExZTYtOGY4OC0zNDM2M2JjN2M0YzAiOnsiY3JlYXRlIjoxMjAwMDAwMDAwMDAwLCJkZWxldGUiOjEyMDAwMDAwMDAwMDAsInVwZGF0ZSI6MTIwMDAwMDAwMDAwMH19",
          "dependencies": [
            "google_compute_network.vpc"
          ]
        }
      ]
    },
    {
      "mode": "managed",
      "type": "google_dns_managed_zone",
      "name": "pkg-dev-psc-wb",
      "provider": "provider[\"registry.terraform.io/hashicorp/google\"]",
      "instances": [
        {
          "schema_version": 0,
          "attributes": {
            "cloud_logging_config": [
              {
                "enable_logging": false
              }
            ],
            "creation_time": "2026-03-26T13:08:01.902Z",
            "description": "Private DNS zone for global dev psc used by Vertex AI workbench instances for pkg.dev.",
            "dns_name": "pkg.dev.",
            "dnssec_config": [],
            "effective_labels": {},
            "force_destroy": false,
            "forwarding_config": [],
            "id": "projects/jcpenny-mlops-poc/managedZones/pkg-dev-psc-wb",
            "labels": {},
            "managed_zone_id": 3517050492938514271,
            "name": "pkg-dev-psc-wb",
            "name_servers": [
              "ns-gcp-private.googledomains.com."
            ],
            "peering_config": [],
            "private_visibility_config": [
              {
                "gke_clusters": [],
                "networks": [
                  {
                    "network_url": "https://www.googleapis.com/compute/v1/projects/jcpenny-mlops-poc/global/networks/vpc-dev-nonconnected-eda"
                  }
                ]
              }
            ],
            "project": "jcpenny-mlops-poc",
            "terraform_labels": {},
            "timeouts": null,
            "visibility": "private"
          },
          "sensitive_attributes": [],
          "identity_schema_version": 0,
          "private": "eyJlMmJmYjczMC1lY2FhLTExZTYtOGY4OC0zNDM2M2JjN2M0YzAiOnsiY3JlYXRlIjoxMjAwMDAwMDAwMDAwLCJkZWxldGUiOjEyMDAwMDAwMDAwMDAsInVwZGF0ZSI6MTIwMDAwMDAwMDAwMH19",
          "dependencies": [
            "google_compute_network.vpc"
          ]
        }
      ]
    },
    {
      "mode": "managed",
      "type": "google_dns_managed_zone",
      "name": "private_googleapis",
      "provider": "provider[\"registry.terraform.io/hashicorp/google\"]",
      "instances": [
        {
          "schema_version": 0,
          "attributes": {
            "cloud_logging_config": [
              {
                "enable_logging": false
              }
            ],
            "creation_time": "2026-03-26T13:08:01.030Z",
            "description": "Private DNS zone for global dev psc for googleapis.com",
            "dns_name": "googleapis.com.",
            "dnssec_config": [],
            "effective_labels": {},
            "force_destroy": false,
            "forwarding_config": [],
            "id": "projects/jcpenny-mlops-poc/managedZones/dnszone-dev-googleapis",
            "labels": {},
            "managed_zone_id": 2541147093899192366,
            "name": "dnszone-dev-googleapis",
            "name_servers": [
              "ns-gcp-private.googledomains.com."
            ],
            "peering_config": [],
            "private_visibility_config": [
              {
                "gke_clusters": [],
                "networks": [
                  {
                    "network_url": "https://www.googleapis.com/compute/v1/projects/jcpenny-mlops-poc/global/networks/vpc-dev-nonconnected-eda"
                  }
                ]
              }
            ],
            "project": "jcpenny-mlops-poc",
            "terraform_labels": {},
            "timeouts": null,
            "visibility": "private"
          },
          "sensitive_attributes": [],
          "identity_schema_version": 0,
          "private": "eyJlMmJmYjczMC1lY2FhLTExZTYtOGY4OC0zNDM2M2JjN2M0YzAiOnsiY3JlYXRlIjoxMjAwMDAwMDAwMDAwLCJkZWxldGUiOjEyMDAwMDAwMDAwMDAsInVwZGF0ZSI6MTIwMDAwMDAwMDAwMH19",
          "dependencies": [
            "google_compute_network.vpc"
          ]
        }
      ]
    },
    {
      "mode": "managed",
      "type": "google_dns_record_set",
      "name": "cloud-google-psc-wb-a",
      "provider": "provider[\"registry.terraform.io/hashicorp/google\"]",
      "instances": [
        {
          "schema_version": 0,
          "attributes": {
            "id": "projects/jcpenny-mlops-poc/managedZones/cloud-google-psc-wb/rrsets/*.notebooks.cloud.google.com./A",
            "managed_zone": "cloud-google-psc-wb",
            "name": "*.notebooks.cloud.google.com.",
            "project": "jcpenny-mlops-poc",
            "routing_policy": [],
            "rrdatas": [
              "10.10.0.100"
            ],
            "ttl": 300,
            "type": "A"
          },
          "sensitive_attributes": [],
          "identity_schema_version": 0,
          "private": "bnVsbA==",
          "dependencies": [
            "google_compute_global_address.psc_ip",
            "google_compute_network.vpc",
            "google_dns_managed_zone.cloud-google-psc-wb"
          ]
        }
      ]
    },
    {
      "mode": "managed",
      "type": "google_dns_record_set",
      "name": "cloud-google-psc-wb-b",
      "provider": "provider[\"registry.terraform.io/hashicorp/google\"]",
      "instances": [
        {
          "schema_version": 0,
          "attributes": {
            "id": "projects/jcpenny-mlops-poc/managedZones/cloud-google-psc-wb/rrsets/notebooks.cloud.google.com./A",
            "managed_zone": "cloud-google-psc-wb",
            "name": "notebooks.cloud.google.com.",
            "project": "jcpenny-mlops-poc",
            "routing_policy": [],
            "rrdatas": [
              "10.10.0.100"
            ],
            "ttl": 300,
            "type": "A"
          },
          "sensitive_attributes": [],
          "identity_schema_version": 0,
          "private": "bnVsbA==",
          "dependencies": [
            "google_compute_global_address.psc_ip",
            "google_compute_network.vpc",
            "google_dns_managed_zone.cloud-google-psc-wb"
          ]
        }
      ]
    },
    {
      "mode": "managed",
      "type": "google_dns_record_set",
      "name": "gcr-io-psc-wb-a",
      "provider": "provider[\"registry.terraform.io/hashicorp/google\"]",
      "instances": [
        {
          "schema_version": 0,
          "attributes": {
            "id": "projects/jcpenny-mlops-poc/managedZones/gcr-io-psc-wb/rrsets/*.gcr.io./A",
            "managed_zone": "gcr-io-psc-wb",
            "name": "*.gcr.io.",
            "project": "jcpenny-mlops-poc",
            "routing_policy": [],
            "rrdatas": [
              "10.10.0.100"
            ],
            "ttl": 300,
            "type": "A"
          },
          "sensitive_attributes": [],
          "identity_schema_version": 0,
          "private": "bnVsbA==",
          "dependencies": [
            "google_compute_global_address.psc_ip",
            "google_compute_network.vpc",
            "google_dns_managed_zone.gcr-io-psc-wb"
          ]
        }
      ]
    },
    {
      "mode": "managed",
      "type": "google_dns_record_set",
      "name": "google-user-content-psc-wb-a",
      "provider": "provider[\"registry.terraform.io/hashicorp/google\"]",
      "instances": [
        {
          "schema_version": 0,
          "attributes": {
            "id": "projects/jcpenny-mlops-poc/managedZones/google-user-content-psc-wb/rrsets/*.googleusercontent.com./A",
            "managed_zone": "google-user-content-psc-wb",
            "name": "*.googleusercontent.com.",
            "project": "jcpenny-mlops-poc",
            "routing_policy": [],
            "rrdatas": [
              "10.10.0.100"
            ],
            "ttl": 300,
            "type": "A"
          },
          "sensitive_attributes": [],
          "identity_schema_version": 0,
          "private": "bnVsbA==",
          "dependencies": [
            "google_compute_global_address.psc_ip",
            "google_compute_network.vpc",
            "google_dns_managed_zone.google-user-content-psc-wb"
          ]
        }
      ]
    },
    {
      "mode": "managed",
      "type": "google_dns_record_set",
      "name": "googleapis_a",
      "provider": "provider[\"registry.terraform.io/hashicorp/google\"]",
      "instances": [
        {
          "schema_version": 0,
          "attributes": {
            "id": "projects/jcpenny-mlops-poc/managedZones/dnszone-dev-googleapis/rrsets/*.googleapis.com./A",
            "managed_zone": "dnszone-dev-googleapis",
            "name": "*.googleapis.com.",
            "project": "jcpenny-mlops-poc",
            "routing_policy": [],
            "rrdatas": [
              "10.10.0.100"
            ],
            "ttl": 300,
            "type": "A"
          },
          "sensitive_attributes": [],
          "identity_schema_version": 0,
          "private": "bnVsbA==",
          "dependencies": [
            "google_compute_global_address.psc_ip",
            "google_compute_network.vpc",
            "google_dns_managed_zone.private_googleapis"
          ]
        }
      ]
    },
    {
      "mode": "managed",
      "type": "google_dns_record_set",
      "name": "googleapis_cname",
      "provider": "provider[\"registry.terraform.io/hashicorp/google\"]",
      "instances": [
        {
          "schema_version": 0,
          "attributes": {
            "id": "projects/jcpenny-mlops-poc/managedZones/dnszone-dev-googleapis/rrsets/private.googleapis.com./CNAME",
            "managed_zone": "dnszone-dev-googleapis",
            "name": "private.googleapis.com.",
            "project": "jcpenny-mlops-poc",
            "routing_policy": [],
            "rrdatas": [
              "googleapis.com."
            ],
            "ttl": 300,
            "type": "CNAME"
          },
          "sensitive_attributes": [],
          "identity_schema_version": 0,
          "private": "bnVsbA==",
          "dependencies": [
            "google_compute_network.vpc",
            "google_dns_managed_zone.private_googleapis"
          ]
        }
      ]
    },
    {
      "mode": "managed",
      "type": "google_dns_record_set",
      "name": "pkg-dev-psc-wb-a",
      "provider": "provider[\"registry.terraform.io/hashicorp/google\"]",
      "instances": [
        {
          "schema_version": 0,
          "attributes": {
            "id": "projects/jcpenny-mlops-poc/managedZones/pkg-dev-psc-wb/rrsets/*.pkg.dev./A",
            "managed_zone": "pkg-dev-psc-wb",
            "name": "*.pkg.dev.",
            "project": "jcpenny-mlops-poc",
            "routing_policy": [],
            "rrdatas": [
              "10.10.0.100"
            ],
            "ttl": 300,
            "type": "A"
          },
          "sensitive_attributes": [],
          "identity_schema_version": 0,
          "private": "bnVsbA==",
          "dependencies": [
            "google_compute_global_address.psc_ip",
            "google_compute_network.vpc",
            "google_dns_managed_zone.pkg-dev-psc-wb"
          ]
        }
      ]
    }
  ],
  "check_results": null
}
